{
    "_readme": [
        "This file locks the dependencies of your project to a known state",
        "Read more about it at https://getcomposer.org/doc/01-basic-usage.md#composer-lock-the-lock-file",
        "This file is @generated automatically"
    ],
    "hash": "4bad6463992009144d8d6d449bf7b763",
    "packages": [
        {
            "name": "getuisdk/getui-php-sdk",
            "version": "dev-master",
            "source": {
                "type": "git",
                "url": "https://github.com/getuisdk/getui-php-sdk.git",
                "reference": "0d94727ad4fd5f35cbce8dff28b6aa570f7790ee"
            },
            "dist": {
                "type": "zip",
                "url": "https://api.github.com/repos/getuisdk/getui-php-sdk/zipball/0d94727ad4fd5f35cbce8dff28b6aa570f7790ee",
                "reference": "0d94727ad4fd5f35cbce8dff28b6aa570f7790ee",
                "shasum": ""
            },
            "require": {
                "php": ">=5.5.0"
            },
            "type": "library",
            "autoload": {
                "psr-4": {
                    "getuisdk\\": "src/"
                }
            },
            "notification-url": "https://packagist.org/downloads/",
            "license": [
                "MIT"
            ],
            "description": "GeTuiSDK for php",
            "time": "2015-08-03 09:08:49"
        }
    ],
    "packages-dev": [],
    "aliases": [],
    "minimum-stability": "stable",
    "stability-flags": {
        "getuisdk/getui-php-sdk": 20
    },
    "prefer-stable": false,
    "prefer-lowest": false,
    "platform": [],
    "platform-dev": []
}
